Microsoft Visual Studio Solution File, Format Version 9.00
# Visual C++ Express 2005
Project("{76F76AD8-C414-5C6F-F43A-1D40FE1BEABA}") = "StackDemo", "StackDemo.vcproj", "{041C7E9F-61AD-5511-1A63-518B0F905A23}"
EndProject
Global
	GlobalSection(SolutionConfigurationPlatforms) = preSolution
		Debug|Win32 = Debug|Win32
		Release|Win32 = Release|Win32
	EndGlobalSection
	GlobalSection(ProjectConfigurationPlatforms) = postSolution
		{041C7E9F-61AD-5511-1A63-518B0F905A23}.Debug|Win32.ActiveCfg = Debug|Win32
		{041C7E9F-61AD-5511-1A63-518B0F905A23}.Debug|Win32.Build.0 = Debug|Win32
		{041C7E9F-61AD-5511-1A63-518B0F905A23}.Release|Win32.ActiveCfg = Release|Win32
		{041C7E9F-61AD-5511-1A63-518B0F905A23}.Release|Win32.Build.0 = Release|Win32
	EndGlobalSection
	GlobalSection(SolutionProperties) = preSolution
		HideSolutionNode = FALSE
	EndGlobalSection
EndGlobal
